// !$*UTF8*$!
{
	archiveVersion = 1;
	classes = {
	};
	objectVersion = 52;
	objects = {

/* Begin PBXBuildFile section */
		1D0545202515C3BC006E8665 /* Response+CoreDataClass.swift in Sources */ = {isa = PBXBuildFile; fileRef = 1D0545162515C3BC006E8665 /* Response+CoreDataClass.swift */; };
		1D0545212515C3BC006E8665 /* Response+CoreDataProperties.swift in Sources */ = {isa = PBXBuildFile; fileRef = 1D0545172515C3BC006E8665 /* Response+CoreDataProperties.swift */; };
		1D0545222515C3BC006E8665 /* ContextObject+CoreDataClass.swift in Sources */ = {isa = PBXBuildFile; fileRef = 1D0545182515C3BC006E8665 /* ContextObject+CoreDataClass.swift */; };
		1D0545232515C3BC006E8665 /* ContextObject+CoreDataProperties.swift in Sources */ = {isa = PBXBuildFile; fileRef = 1D0545192515C3BC006E8665 /* ContextObject+CoreDataProperties.swift */; };
		1D0545242515C3BC006E8665 /* Question+CoreDataClass.swift in Sources */ = {isa = PBXBuildFile; fileRef = 1D05451A2515C3BC006E8665 /* Question+CoreDataClass.swift */; };
		1D0545252515C3BC006E8665 /* Question+CoreDataProperties.swift in Sources */ = {isa = PBXBuildFile; fileRef = 1D05451B2515C3BC006E8665 /* Question+CoreDataProperties.swift */; };
		1D0545262515C3BC006E8665 /* Member+CoreDataClass.swift in Sources */ = {isa = PBXBuildFile; fileRef = 1D05451C2515C3BC006E8665 /* Member+CoreDataClass.swift */; };
		1D0545272515C3BC006E8665 /* Member+CoreDataProperties.swift in Sources */ = {isa = PBXBuildFile; fileRef = 1D05451D2515C3BC006E8665 /* Member+CoreDataProperties.swift */; };
		1D0545282515C3BC006E8665 /* Topic+CoreDataClass.swift in Sources */ = {isa = PBXBuildFile; fileRef = 1D05451E2515C3BC006E8665 /* Topic+CoreDataClass.swift */; };
		1D0545292515C3BC006E8665 /* Topic+CoreDataProperties.swift in Sources */ = {isa = PBXBuildFile; fileRef = 1D05451F2515C3BC006E8665 /* Topic+CoreDataProperties.swift */; };
		1D0E1046250A9B7D00A21C44 /* CodingUserInfoKey+MOC.swift in Sources */ = {isa = PBXBuildFile; fileRef = 1D0E1045250A9B7D00A21C44 /* CodingUserInfoKey+MOC.swift */; };
		1D0E1048250A9C7200A21C44 /* Data+PrettyJSON.swift in Sources */ = {isa = PBXBuildFile; fileRef = 1D0E1047250A9C7200A21C44 /* Data+PrettyJSON.swift */; };
		1D0E104B250AAE3100A21C44 /* UIImageView+ImageDownloader.swift in Sources */ = {isa = PBXBuildFile; fileRef = 1D0E104A250AAE3100A21C44 /* UIImageView+ImageDownloader.swift */; };
		1D0E105A250AD64100A21C44 /* Surveys.storyboard in Resources */ = {isa = PBXBuildFile; fileRef = 1D0E1059250AD64100A21C44 /* Surveys.storyboard */; };
		1D0E105C250AD69200A21C44 /* NotificationsViewController.swift in Sources */ = {isa = PBXBuildFile; fileRef = 1D0E105B250AD69200A21C44 /* NotificationsViewController.swift */; };
		1D0E105E250B025B00A21C44 /* TopicDetailViewController.swift in Sources */ = {isa = PBXBuildFile; fileRef = 1D0E105D250B025B00A21C44 /* TopicDetailViewController.swift */; };
		1D0E1060250B043400A21C44 /* TopicViewController.swift in Sources */ = {isa = PBXBuildFile; fileRef = 1D0E105F250B043400A21C44 /* TopicViewController.swift */; };
		1D0E1062250B046300A21C44 /* TopicNameViewController.swift in Sources */ = {isa = PBXBuildFile; fileRef = 1D0E1061250B046300A21C44 /* TopicNameViewController.swift */; };
		1D0E1064250B047400A21C44 /* TopicQuestionsViewController.swift in Sources */ = {isa = PBXBuildFile; fileRef = 1D0E1063250B047400A21C44 /* TopicQuestionsViewController.swift */; };
		1D46C2142501D292007DEDAF /* OktaAuth in Frameworks */ = {isa = PBXBuildFile; productRef = 1D46C2132501D292007DEDAF /* OktaAuth */; };
		1D46C21D2501DDB4007DEDAF /* UIView+LivePreviews.swift in Sources */ = {isa = PBXBuildFile; fileRef = 1D46C21C2501DDB4007DEDAF /* UIView+LivePreviews.swift */; };
		1D46C22125055E81007DEDAF /* StandardButton.swift in Sources */ = {isa = PBXBuildFile; fileRef = 1D46C22025055E81007DEDAF /* StandardButton.swift */; };
		1D4D9C0225068DEB00348246 /* CircularButton.swift in Sources */ = {isa = PBXBuildFile; fileRef = 1D4D9C0125068DEB00348246 /* CircularButton.swift */; };
		1D4D9C0A25092B5400348246 /* labs_ios_starterUITests.swift in Sources */ = {isa = PBXBuildFile; fileRef = 1D4D9C0925092B5400348246 /* labs_ios_starterUITests.swift */; };
		1D4D9C1325092F4A00348246 /* CoreDataManager.swift in Sources */ = {isa = PBXBuildFile; fileRef = 1D4D9C1225092F4A00348246 /* CoreDataManager.swift */; };
		1D4D9C17250930AB00348246 /* labs-ios-starter.xcdatamodeld in Sources */ = {isa = PBXBuildFile; fileRef = 1D4D9C15250930AB00348246 /* labs-ios-starter.xcdatamodeld */; };
		1D938DD9251AED4300D3013D /* NotificationsTabItem.swift in Sources */ = {isa = PBXBuildFile; fileRef = 1D938DD8251AED4300D3013D /* NotificationsTabItem.swift */; };
		1D938DDD251AF69700D3013D /* NotificationsCollectionViewCell.swift in Sources */ = {isa = PBXBuildFile; fileRef = 1D938DDC251AF69700D3013D /* NotificationsCollectionViewCell.swift */; };
		1D938DE1251AFB5A00D3013D /* NewNotificationsMessage+init.swift in Sources */ = {isa = PBXBuildFile; fileRef = 1D938DE0251AFB5A00D3013D /* NewNotificationsMessage+init.swift */; };
		1DA1163C251CF89F00FA94B1 /* TopicCVSections.swift in Sources */ = {isa = PBXBuildFile; fileRef = 1DA1163B251CF89E00FA94B1 /* TopicCVSections.swift */; };
		1DB156B22516B8C60084ECA0 /* (null) in Sources */ = {isa = PBXBuildFile; };
		1DB3E114251A526D00A2F88F /* (null) in Sources */ = {isa = PBXBuildFile; };
		463AD24324CF275900447BB8 /* ProfileDetailViewController.swift in Sources */ = {isa = PBXBuildFile; fileRef = 463AD24224CF275900447BB8 /* ProfileDetailViewController.swift */; };
		466C4274249A8748007D033E /* AppDelegate.swift in Sources */ = {isa = PBXBuildFile; fileRef = 466C4273249A8748007D033E /* AppDelegate.swift */; };
		466C4276249A8748007D033E /* SceneDelegate.swift in Sources */ = {isa = PBXBuildFile; fileRef = 466C4275249A8748007D033E /* SceneDelegate.swift */; };
		466C427B249A8748007D033E /* Main.storyboard in Resources */ = {isa = PBXBuildFile; fileRef = 466C4279249A8748007D033E /* Main.storyboard */; };
		466C427D249A8749007D033E /* Assets.xcassets in Resources */ = {isa = PBXBuildFile; fileRef = 466C427C249A8749007D033E /* Assets.xcassets */; };
		466C4280249A8749007D033E /* LaunchScreen.storyboard in Resources */ = {isa = PBXBuildFile; fileRef = 466C427E249A8749007D033E /* LaunchScreen.storyboard */; };
		46BEB4E524C98CDC00FE0CD1 /* LoginViewController.swift in Sources */ = {isa = PBXBuildFile; fileRef = 46BEB4E424C98CDC00FE0CD1 /* LoginViewController.swift */; };
		46BEB4E724C98D8900FE0CD1 /* Notifications + customNames.swift in Sources */ = {isa = PBXBuildFile; fileRef = 46BEB4E624C98D8900FE0CD1 /* Notifications + customNames.swift */; };
		46BEB4E924C98DAF00FE0CD1 /* MemberListViewController.swift in Sources */ = {isa = PBXBuildFile; fileRef = 46BEB4E824C98DAF00FE0CD1 /* MemberListViewController.swift */; };
		46BEB4EE24C98ECC00FE0CD1 /* ProfileController.swift in Sources */ = {isa = PBXBuildFile; fileRef = 46BEB4ED24C98ECC00FE0CD1 /* ProfileController.swift */; };
		46BEB4F124C98F0D00FE0CD1 /* Profiles.storyboard in Resources */ = {isa = PBXBuildFile; fileRef = 46BEB4F024C98F0D00FE0CD1 /* Profiles.storyboard */; };
		46C2BC9224D432F90077E49D /* ProfileTabBarViewController.swift in Sources */ = {isa = PBXBuildFile; fileRef = 46C2BC9124D432F90077E49D /* ProfileTabBarViewController.swift */; };
		B9091EEF25183F2E009BA6A7 /* TopicCollectionViewCell.swift in Sources */ = {isa = PBXBuildFile; fileRef = B9091EEE25183F2E009BA6A7 /* TopicCollectionViewCell.swift */; };
		B90989C9251AA46C0084A1D7 /* FetchController.swift in Sources */ = {isa = PBXBuildFile; fileRef = B90989C8251AA46C0084A1D7 /* FetchController.swift */; };
		B90989D1251ABE9F0084A1D7 /* CoreDataTests.swift in Sources */ = {isa = PBXBuildFile; fileRef = B90989D0251ABE9F0084A1D7 /* CoreDataTests.swift */; };
		B91637212507FA4B00B49A75 /* OktaAuth.md in Resources */ = {isa = PBXBuildFile; fileRef = B91637202507FA4B00B49A75 /* OktaAuth.md */; };
		B9163737250850B400B49A75 /* UserImage.swift in Sources */ = {isa = PBXBuildFile; fileRef = B9163736250850B400B49A75 /* UserImage.swift */; };
		B91BF7E3250BC4C200D68EA6 /* (null) in Sources */ = {isa = PBXBuildFile; };
		B91BF7EF250C47F600D68EA6 /* Profile.swift in Sources */ = {isa = PBXBuildFile; fileRef = B91BF7EE250C47F600D68EA6 /* Profile.swift */; };
		B91BF7F1250D0B6500D68EA6 /* MemberList.storyboard in Resources */ = {isa = PBXBuildFile; fileRef = B91BF7F0250D0B6500D68EA6 /* MemberList.storyboard */; };
		B91BF7F3250D0BB800D68EA6 /* String + identifier.swift in Sources */ = {isa = PBXBuildFile; fileRef = B91BF7F2250D0BB800D68EA6 /* String + identifier.swift */; };
		B91BF81B250DCCC800D68EA6 /* URLRequest + addAuthIfAvailable.swift in Sources */ = {isa = PBXBuildFile; fileRef = B91BF81A250DCCC800D68EA6 /* URLRequest + addAuthIfAvailable.swift */; };
		B9390BE7250991D300131227 /* NetworkServiceTests.swift in Sources */ = {isa = PBXBuildFile; fileRef = B9390BE6250991D300131227 /* NetworkServiceTests.swift */; };
		B94042102501D0740048BCED /* NetworkService.swift in Sources */ = {isa = PBXBuildFile; fileRef = B940420D2501D0740048BCED /* NetworkService.swift */; };
		B94042112501D0740048BCED /* ErrorHandler.swift in Sources */ = {isa = PBXBuildFile; fileRef = B940420E2501D0740048BCED /* ErrorHandler.swift */; };
		B94042152501D08D0048BCED /* StyleSheet.swift in Sources */ = {isa = PBXBuildFile; fileRef = B94042132501D08C0048BCED /* StyleSheet.swift */; };
		B94042162501D08D0048BCED /* UIView + Convenience.swift in Sources */ = {isa = PBXBuildFile; fileRef = B94042142501D08D0048BCED /* UIView + Convenience.swift */; };
		B94042192501D1BD0048BCED /* URLRequest + JSON.swift in Sources */ = {isa = PBXBuildFile; fileRef = B940420F2501D0740048BCED /* URLRequest + JSON.swift */; };
		B940421A2501D1CE0048BCED /* UIViewController+Alerts.swift in Sources */ = {isa = PBXBuildFile; fileRef = 46BF10BD24D388FF001C6753 /* UIViewController+Alerts.swift */; };
		B940421F2501D9250048BCED /* String+Validate.swift in Sources */ = {isa = PBXBuildFile; fileRef = B940421E2501D9250048BCED /* String+Validate.swift */; };
		B94042242502DF6A0048BCED /* UILabel + Convenience.swift in Sources */ = {isa = PBXBuildFile; fileRef = B94042232502DF6A0048BCED /* UILabel + Convenience.swift */; };
		B94042272502E1390048BCED /* UIStackView + Convenience.swift in Sources */ = {isa = PBXBuildFile; fileRef = B94042262502E1390048BCED /* UIStackView + Convenience.swift */; };
		B940422A2502E5070048BCED /* UIButton + Convenience.swift in Sources */ = {isa = PBXBuildFile; fileRef = B94042292502E5070048BCED /* UIButton + Convenience.swift */; };
		B9404232250321230048BCED /* labs_ios_starterTests.swift in Sources */ = {isa = PBXBuildFile; fileRef = B9404231250321230048BCED /* labs_ios_starterTests.swift */; };
		B98BBCC325153EEB00FE8A12 /* unused.md in Resources */ = {isa = PBXBuildFile; fileRef = B98BBCC225153EEB00FE8A12 /* unused.md */; };
		B9983C542513BEC0001D91FE /* QuestionCollectionViewCell.swift in Sources */ = {isa = PBXBuildFile; fileRef = B9983C532513BEC0001D91FE /* QuestionCollectionViewCell.swift */; };
		B9983C5925142B74001D91FE /* TopicController.swift in Sources */ = {isa = PBXBuildFile; fileRef = B91BF818250DC4CA00D68EA6 /* TopicController.swift */; };
/* End PBXBuildFile section */

/* Begin PBXContainerItemProxy section */
		1D4D9C0C25092B5400348246 /* PBXContainerItemProxy */ = {
			isa = PBXContainerItemProxy;
			containerPortal = 466C4268249A8748007D033E /* Project object */;
			proxyType = 1;
			remoteGlobalIDString = 466C426F249A8748007D033E;
			remoteInfo = "labs-ios-starter";
		};
		B9404234250321230048BCED /* PBXContainerItemProxy */ = {
			isa = PBXContainerItemProxy;
			containerPortal = 466C4268249A8748007D033E /* Project object */;
			proxyType = 1;
			remoteGlobalIDString = 466C426F249A8748007D033E;
			remoteInfo = "labs-ios-starter";
		};
/* End PBXContainerItemProxy section */

/* Begin PBXFileReference section */
		1D0545162515C3BC006E8665 /* Response+CoreDataClass.swift */ = {isa = PBXFileReference; lastKnownFileType = sourcecode.swift; path = "Response+CoreDataClass.swift"; sourceTree = "<group>"; };
		1D0545172515C3BC006E8665 /* Response+CoreDataProperties.swift */ = {isa = PBXFileReference; lastKnownFileType = sourcecode.swift; path = "Response+CoreDataProperties.swift"; sourceTree = "<group>"; };
		1D0545182515C3BC006E8665 /* ContextObject+CoreDataClass.swift */ = {isa = PBXFileReference; lastKnownFileType = sourcecode.swift; path = "ContextObject+CoreDataClass.swift"; sourceTree = "<group>"; };
		1D0545192515C3BC006E8665 /* ContextObject+CoreDataProperties.swift */ = {isa = PBXFileReference; lastKnownFileType = sourcecode.swift; path = "ContextObject+CoreDataProperties.swift"; sourceTree = "<group>"; };
		1D05451A2515C3BC006E8665 /* Question+CoreDataClass.swift */ = {isa = PBXFileReference; lastKnownFileType = sourcecode.swift; path = "Question+CoreDataClass.swift"; sourceTree = "<group>"; };
		1D05451B2515C3BC006E8665 /* Question+CoreDataProperties.swift */ = {isa = PBXFileReference; lastKnownFileType = sourcecode.swift; path = "Question+CoreDataProperties.swift"; sourceTree = "<group>"; };
		1D05451C2515C3BC006E8665 /* Member+CoreDataClass.swift */ = {isa = PBXFileReference; lastKnownFileType = sourcecode.swift; path = "Member+CoreDataClass.swift"; sourceTree = "<group>"; };
		1D05451D2515C3BC006E8665 /* Member+CoreDataProperties.swift */ = {isa = PBXFileReference; lastKnownFileType = sourcecode.swift; path = "Member+CoreDataProperties.swift"; sourceTree = "<group>"; };
		1D05451E2515C3BC006E8665 /* Topic+CoreDataClass.swift */ = {isa = PBXFileReference; lastKnownFileType = sourcecode.swift; path = "Topic+CoreDataClass.swift"; sourceTree = "<group>"; };
		1D05451F2515C3BC006E8665 /* Topic+CoreDataProperties.swift */ = {isa = PBXFileReference; lastKnownFileType = sourcecode.swift; path = "Topic+CoreDataProperties.swift"; sourceTree = "<group>"; };
		1D0E1045250A9B7D00A21C44 /* CodingUserInfoKey+MOC.swift */ = {isa = PBXFileReference; lastKnownFileType = sourcecode.swift; path = "CodingUserInfoKey+MOC.swift"; sourceTree = "<group>"; };
		1D0E1047250A9C7200A21C44 /* Data+PrettyJSON.swift */ = {isa = PBXFileReference; lastKnownFileType = sourcecode.swift; path = "Data+PrettyJSON.swift"; sourceTree = "<group>"; };
		1D0E104A250AAE3100A21C44 /* UIImageView+ImageDownloader.swift */ = {isa = PBXFileReference; lastKnownFileType = sourcecode.swift; path = "UIImageView+ImageDownloader.swift"; sourceTree = "<group>"; };
		1D0E1059250AD64100A21C44 /* Surveys.storyboard */ = {isa = PBXFileReference; fileEncoding = 4; lastKnownFileType = file.storyboard; path = Surveys.storyboard; sourceTree = "<group>"; };
		1D0E105B250AD69200A21C44 /* NotificationsViewController.swift */ = {isa = PBXFileReference; lastKnownFileType = sourcecode.swift; path = NotificationsViewController.swift; sourceTree = "<group>"; };
		1D0E105D250B025B00A21C44 /* TopicDetailViewController.swift */ = {isa = PBXFileReference; lastKnownFileType = sourcecode.swift; path = TopicDetailViewController.swift; sourceTree = "<group>"; };
		1D0E105F250B043400A21C44 /* TopicViewController.swift */ = {isa = PBXFileReference; lastKnownFileType = sourcecode.swift; path = TopicViewController.swift; sourceTree = "<group>"; };
		1D0E1061250B046300A21C44 /* TopicNameViewController.swift */ = {isa = PBXFileReference; lastKnownFileType = sourcecode.swift; path = TopicNameViewController.swift; sourceTree = "<group>"; };
		1D0E1063250B047400A21C44 /* TopicQuestionsViewController.swift */ = {isa = PBXFileReference; lastKnownFileType = sourcecode.swift; path = TopicQuestionsViewController.swift; sourceTree = "<group>"; };
		1D46C21C2501DDB4007DEDAF /* UIView+LivePreviews.swift */ = {isa = PBXFileReference; lastKnownFileType = sourcecode.swift; path = "UIView+LivePreviews.swift"; sourceTree = "<group>"; };
		1D46C22025055E81007DEDAF /* StandardButton.swift */ = {isa = PBXFileReference; lastKnownFileType = sourcecode.swift; path = StandardButton.swift; sourceTree = "<group>"; };
		1D4D9C0125068DEB00348246 /* CircularButton.swift */ = {isa = PBXFileReference; lastKnownFileType = sourcecode.swift; path = CircularButton.swift; sourceTree = "<group>"; };
		1D4D9C0725092B5400348246 /* labs-ios-starterUITests.xctest */ = {isa = PBXFileReference; explicitFileType = wrapper.cfbundle; includeInIndex = 0; path = "labs-ios-starterUITests.xctest"; sourceTree = BUILT_PRODUCTS_DIR; };
		1D4D9C0925092B5400348246 /* labs_ios_starterUITests.swift */ = {isa = PBXFileReference; lastKnownFileType = sourcecode.swift; path = labs_ios_starterUITests.swift; sourceTree = "<group>"; };
		1D4D9C0B25092B5400348246 /* Info.plist */ = {isa = PBXFileReference; lastKnownFileType = text.plist.xml; path = Info.plist; sourceTree = "<group>"; };
		1D4D9C1225092F4A00348246 /* CoreDataManager.swift */ = {isa = PBXFileReference; lastKnownFileType = sourcecode.swift; path = CoreDataManager.swift; sourceTree = "<group>"; };
		1D4D9C16250930AB00348246 /* labs-ios-starter.xcdatamodel */ = {isa = PBXFileReference; lastKnownFileType = wrapper.xcdatamodel; path = "labs-ios-starter.xcdatamodel"; sourceTree = "<group>"; };
		1D938DD8251AED4300D3013D /* NotificationsTabItem.swift */ = {isa = PBXFileReference; lastKnownFileType = sourcecode.swift; path = NotificationsTabItem.swift; sourceTree = "<group>"; };
		1D938DDC251AF69700D3013D /* NotificationsCollectionViewCell.swift */ = {isa = PBXFileReference; lastKnownFileType = sourcecode.swift; path = NotificationsCollectionViewCell.swift; sourceTree = "<group>"; };
		1D938DE0251AFB5A00D3013D /* NewNotificationsMessage+init.swift */ = {isa = PBXFileReference; lastKnownFileType = sourcecode.swift; path = "NewNotificationsMessage+init.swift"; sourceTree = "<group>"; };
		1DA1163B251CF89E00FA94B1 /* TopicCVSections.swift */ = {isa = PBXFileReference; fileEncoding = 4; lastKnownFileType = sourcecode.swift; path = TopicCVSections.swift; sourceTree = "<group>"; };
		463AD24224CF275900447BB8 /* ProfileDetailViewController.swift */ = {isa = PBXFileReference; lastKnownFileType = sourcecode.swift; path = ProfileDetailViewController.swift; sourceTree = "<group>"; };
		466C4270249A8748007D033E /* labs-ios-starter.app */ = {isa = PBXFileReference; explicitFileType = wrapper.application; includeInIndex = 0; path = "labs-ios-starter.app"; sourceTree = BUILT_PRODUCTS_DIR; };
		466C4273249A8748007D033E /* AppDelegate.swift */ = {isa = PBXFileReference; lastKnownFileType = sourcecode.swift; path = AppDelegate.swift; sourceTree = "<group>"; };
		466C4275249A8748007D033E /* SceneDelegate.swift */ = {isa = PBXFileReference; lastKnownFileType = sourcecode.swift; path = SceneDelegate.swift; sourceTree = "<group>"; };
		466C427A249A8748007D033E /* Base */ = {isa = PBXFileReference; lastKnownFileType = file.storyboard; name = Base; path = Base.lproj/Main.storyboard; sourceTree = "<group>"; };
		466C427C249A8749007D033E /* Assets.xcassets */ = {isa = PBXFileReference; lastKnownFileType = folder.assetcatalog; path = Assets.xcassets; sourceTree = "<group>"; };
		466C427F249A8749007D033E /* Base */ = {isa = PBXFileReference; lastKnownFileType = file.storyboard; name = Base; path = Base.lproj/LaunchScreen.storyboard; sourceTree = "<group>"; };
		466C4281249A8749007D033E /* Info.plist */ = {isa = PBXFileReference; lastKnownFileType = text.plist.xml; path = Info.plist; sourceTree = "<group>"; };
		466C4287249A889F007D033E /* File Organization.md */ = {isa = PBXFileReference; lastKnownFileType = net.daringfireball.markdown; path = "File Organization.md"; sourceTree = "<group>"; };
		46BEB4E424C98CDC00FE0CD1 /* LoginViewController.swift */ = {isa = PBXFileReference; lastKnownFileType = sourcecode.swift; path = LoginViewController.swift; sourceTree = "<group>"; };
		46BEB4E624C98D8900FE0CD1 /* Notifications + customNames.swift */ = {isa = PBXFileReference; lastKnownFileType = sourcecode.swift; path = "Notifications + customNames.swift"; sourceTree = "<group>"; };
		46BEB4E824C98DAF00FE0CD1 /* MemberListViewController.swift */ = {isa = PBXFileReference; lastKnownFileType = sourcecode.swift; path = MemberListViewController.swift; sourceTree = "<group>"; };
		46BEB4ED24C98ECC00FE0CD1 /* ProfileController.swift */ = {isa = PBXFileReference; fileEncoding = 4; lastKnownFileType = sourcecode.swift; path = ProfileController.swift; sourceTree = "<group>"; };
		46BEB4F024C98F0D00FE0CD1 /* Profiles.storyboard */ = {isa = PBXFileReference; lastKnownFileType = file.storyboard; path = Profiles.storyboard; sourceTree = "<group>"; };
		46BF10BD24D388FF001C6753 /* UIViewController+Alerts.swift */ = {isa = PBXFileReference; lastKnownFileType = sourcecode.swift; path = "UIViewController+Alerts.swift"; sourceTree = "<group>"; };
		46C2BC9124D432F90077E49D /* ProfileTabBarViewController.swift */ = {isa = PBXFileReference; lastKnownFileType = sourcecode.swift; path = ProfileTabBarViewController.swift; sourceTree = "<group>"; };
		B9091EEE25183F2E009BA6A7 /* TopicCollectionViewCell.swift */ = {isa = PBXFileReference; lastKnownFileType = sourcecode.swift; path = TopicCollectionViewCell.swift; sourceTree = "<group>"; };
		B90989C8251AA46C0084A1D7 /* FetchController.swift */ = {isa = PBXFileReference; lastKnownFileType = sourcecode.swift; path = FetchController.swift; sourceTree = "<group>"; };
		B90989D0251ABE9F0084A1D7 /* CoreDataTests.swift */ = {isa = PBXFileReference; lastKnownFileType = sourcecode.swift; path = CoreDataTests.swift; sourceTree = "<group>"; };
		B91637202507FA4B00B49A75 /* OktaAuth.md */ = {isa = PBXFileReference; lastKnownFileType = net.daringfireball.markdown; name = OktaAuth.md; path = "labs-ios-starter/Application/Documentation/OktaAuth.md"; sourceTree = SOURCE_ROOT; };
		B9163736250850B400B49A75 /* UserImage.swift */ = {isa = PBXFileReference; lastKnownFileType = sourcecode.swift; path = UserImage.swift; sourceTree = "<group>"; };
		B91BF7EE250C47F600D68EA6 /* Profile.swift */ = {isa = PBXFileReference; fileEncoding = 4; lastKnownFileType = sourcecode.swift; path = Profile.swift; sourceTree = "<group>"; };
		B91BF7F0250D0B6500D68EA6 /* MemberList.storyboard */ = {isa = PBXFileReference; fileEncoding = 4; lastKnownFileType = file.storyboard; path = MemberList.storyboard; sourceTree = "<group>"; };
		B91BF7F2250D0BB800D68EA6 /* String + identifier.swift */ = {isa = PBXFileReference; lastKnownFileType = sourcecode.swift; path = "String + identifier.swift"; sourceTree = "<group>"; };
		B91BF818250DC4CA00D68EA6 /* TopicController.swift */ = {isa = PBXFileReference; lastKnownFileType = sourcecode.swift; path = TopicController.swift; sourceTree = "<group>"; };
		B91BF81A250DCCC800D68EA6 /* URLRequest + addAuthIfAvailable.swift */ = {isa = PBXFileReference; lastKnownFileType = sourcecode.swift; path = "URLRequest + addAuthIfAvailable.swift"; sourceTree = "<group>"; };
		B9390BE6250991D300131227 /* NetworkServiceTests.swift */ = {isa = PBXFileReference; lastKnownFileType = sourcecode.swift; path = NetworkServiceTests.swift; sourceTree = "<group>"; };
		B940420D2501D0740048BCED /* NetworkService.swift */ = {isa = PBXFileReference; fileEncoding = 4; lastKnownFileType = sourcecode.swift; path = NetworkService.swift; sourceTree = "<group>"; };
		B940420E2501D0740048BCED /* ErrorHandler.swift */ = {isa = PBXFileReference; fileEncoding = 4; lastKnownFileType = sourcecode.swift; path = ErrorHandler.swift; sourceTree = "<group>"; };
		B940420F2501D0740048BCED /* URLRequest + JSON.swift */ = {isa = PBXFileReference; fileEncoding = 4; lastKnownFileType = sourcecode.swift; path = "URLRequest + JSON.swift"; sourceTree = "<group>"; };
		B94042132501D08C0048BCED /* StyleSheet.swift */ = {isa = PBXFileReference; fileEncoding = 4; lastKnownFileType = sourcecode.swift; path = StyleSheet.swift; sourceTree = "<group>"; };
		B94042142501D08D0048BCED /* UIView + Convenience.swift */ = {isa = PBXFileReference; fileEncoding = 4; lastKnownFileType = sourcecode.swift; path = "UIView + Convenience.swift"; sourceTree = "<group>"; };
		B940421E2501D9250048BCED /* String+Validate.swift */ = {isa = PBXFileReference; lastKnownFileType = sourcecode.swift; path = "String+Validate.swift"; sourceTree = "<group>"; };
		B94042232502DF6A0048BCED /* UILabel + Convenience.swift */ = {isa = PBXFileReference; lastKnownFileType = sourcecode.swift; path = "UILabel + Convenience.swift"; sourceTree = "<group>"; };
		B94042262502E1390048BCED /* UIStackView + Convenience.swift */ = {isa = PBXFileReference; lastKnownFileType = sourcecode.swift; path = "UIStackView + Convenience.swift"; sourceTree = "<group>"; };
		B94042292502E5070048BCED /* UIButton + Convenience.swift */ = {isa = PBXFileReference; lastKnownFileType = sourcecode.swift; path = "UIButton + Convenience.swift"; sourceTree = "<group>"; };
		B940422F250321230048BCED /* labs-ios-starterTests.xctest */ = {isa = PBXFileReference; explicitFileType = wrapper.cfbundle; includeInIndex = 0; path = "labs-ios-starterTests.xctest"; sourceTree = BUILT_PRODUCTS_DIR; };
		B9404231250321230048BCED /* labs_ios_starterTests.swift */ = {isa = PBXFileReference; lastKnownFileType = sourcecode.swift; path = labs_ios_starterTests.swift; sourceTree = "<group>"; };
		B9404233250321230048BCED /* Info.plist */ = {isa = PBXFileReference; lastKnownFileType = text.plist.xml; path = Info.plist; sourceTree = "<group>"; };
		B98BBCC225153EEB00FE8A12 /* unused.md */ = {isa = PBXFileReference; lastKnownFileType = net.daringfireball.markdown; path = unused.md; sourceTree = "<group>"; };
		B9983C532513BEC0001D91FE /* QuestionCollectionViewCell.swift */ = {isa = PBXFileReference; lastKnownFileType = sourcecode.swift; path = QuestionCollectionViewCell.swift; sourceTree = "<group>"; };
/* End PBXFileReference section */

/* Begin PBXFrameworksBuildPhase section */
		1D4D9C0425092B5400348246 /* Frameworks */ = {
			isa = PBXFrameworksBuildPhase;
			buildActionMask = 2147483647;
			files = (
			);
			runOnlyForDeploymentPostprocessing = 0;
		};
		466C426D249A8748007D033E /* Frameworks */ = {
			isa = PBXFrameworksBuildPhase;
			buildActionMask = 2147483647;
			files = (
				1D46C2142501D292007DEDAF /* OktaAuth in Frameworks */,
			);
			runOnlyForDeploymentPostprocessing = 0;
		};
		B940422C250321230048BCED /* Frameworks */ = {
			isa = PBXFrameworksBuildPhase;
			buildActionMask = 2147483647;
			files = (
			);
			runOnlyForDeploymentPostprocessing = 0;
		};
/* End PBXFrameworksBuildPhase section */

/* Begin PBXGroup section */
		1D05452A2515C3EE006E8665 /* Response */ = {
			isa = PBXGroup;
			children = (
				1D0545162515C3BC006E8665 /* Response+CoreDataClass.swift */,
				1D0545172515C3BC006E8665 /* Response+CoreDataProperties.swift */,
			);
			path = Response;
			sourceTree = "<group>";
		};
		1D05452B2515C3F3006E8665 /* ContextObject */ = {
			isa = PBXGroup;
			children = (
				1D0545182515C3BC006E8665 /* ContextObject+CoreDataClass.swift */,
				1D0545192515C3BC006E8665 /* ContextObject+CoreDataProperties.swift */,
			);
			path = ContextObject;
			sourceTree = "<group>";
		};
		1D05452C2515C3FA006E8665 /* Question */ = {
			isa = PBXGroup;
			children = (
				1D05451A2515C3BC006E8665 /* Question+CoreDataClass.swift */,
				1D05451B2515C3BC006E8665 /* Question+CoreDataProperties.swift */,
			);
			path = Question;
			sourceTree = "<group>";
		};
		1D05452D2515C405006E8665 /* Member */ = {
			isa = PBXGroup;
			children = (
				1D05451C2515C3BC006E8665 /* Member+CoreDataClass.swift */,
				1D05451D2515C3BC006E8665 /* Member+CoreDataProperties.swift */,
			);
			path = Member;
			sourceTree = "<group>";
		};
		1D05452E2515C40B006E8665 /* Topic */ = {
			isa = PBXGroup;
			children = (
				1D05451E2515C3BC006E8665 /* Topic+CoreDataClass.swift */,
				1D05451F2515C3BC006E8665 /* Topic+CoreDataProperties.swift */,
			);
			path = Topic;
			sourceTree = "<group>";
		};
		1D05452F2515C441006E8665 /* Web Auth */ = {
			isa = PBXGroup;
			children = (
				B9163736250850B400B49A75 /* UserImage.swift */,
				1D05452D2515C405006E8665 /* Member */,
			);
			path = "Web Auth";
			sourceTree = "<group>";
		};
		1D0545312515C45C006E8665 /* Topic */ = {
			isa = PBXGroup;
			children = (
				1D05452E2515C40B006E8665 /* Topic */,
				1D05452B2515C3F3006E8665 /* ContextObject */,
				1D05452C2515C3FA006E8665 /* Question */,
				1D05452A2515C3EE006E8665 /* Response */,
			);
			path = Topic;
			sourceTree = "<group>";
		};
		1D0545332515C528006E8665 /* Apollo */ = {
			isa = PBXGroup;
			children = (
				1D05452F2515C441006E8665 /* Web Auth */,
				1D0545312515C45C006E8665 /* Topic */,
				1D938DE0251AFB5A00D3013D /* NewNotificationsMessage+init.swift */,
				1D4D9C15250930AB00348246 /* labs-ios-starter.xcdatamodeld */,
			);
			name = Apollo;
			path = "CoreData MO/Apollo";
			sourceTree = "<group>";
		};
		1D0E1053250AB34E00A21C44 /* Surveys */ = {
			isa = PBXGroup;
			children = (
				1D0E1054250AB35E00A21C44 /* Model Controllers */,
				1D0E1055250AB36300A21C44 /* View Controllers */,
				1DB3E112251A51E300A2F88F /* View Models */,
				1D0E1056250AB37600A21C44 /* View */,
			);
			path = Surveys;
			sourceTree = "<group>";
		};
		1D0E1054250AB35E00A21C44 /* Model Controllers */ = {
			isa = PBXGroup;
			children = (
				B91BF818250DC4CA00D68EA6 /* TopicController.swift */,
			);
			path = "Model Controllers";
			sourceTree = "<group>";
		};
		1D0E1055250AB36300A21C44 /* View Controllers */ = {
			isa = PBXGroup;
			children = (
				46BEB4E824C98DAF00FE0CD1 /* MemberListViewController.swift */,
				1D0E105B250AD69200A21C44 /* NotificationsViewController.swift */,
				1D0E105D250B025B00A21C44 /* TopicDetailViewController.swift */,
				1D0E105F250B043400A21C44 /* TopicViewController.swift */,
				1D0E1061250B046300A21C44 /* TopicNameViewController.swift */,
				1D0E1063250B047400A21C44 /* TopicQuestionsViewController.swift */,
			);
			path = "View Controllers";
			sourceTree = "<group>";
		};
		1D0E1056250AB37600A21C44 /* View */ = {
			isa = PBXGroup;
			children = (
				1D0E1059250AD64100A21C44 /* Surveys.storyboard */,
				B9983C532513BEC0001D91FE /* QuestionCollectionViewCell.swift */,
				B9091EEE25183F2E009BA6A7 /* TopicCollectionViewCell.swift */,
				1D938DD8251AED4300D3013D /* NotificationsTabItem.swift */,
				1D938DDC251AF69700D3013D /* NotificationsCollectionViewCell.swift */,
			);
			path = View;
			sourceTree = "<group>";
		};
		1D46C21F25055D7E007DEDAF /* Custom Objects */ = {
			isa = PBXGroup;
			children = (
				1D46C22025055E81007DEDAF /* StandardButton.swift */,
				1D4D9C0125068DEB00348246 /* CircularButton.swift */,
			);
			path = "Custom Objects";
			sourceTree = "<group>";
		};
		1D4D9C0825092B5400348246 /* labs-ios-starterUITests */ = {
			isa = PBXGroup;
			children = (
				1D4D9C0925092B5400348246 /* labs_ios_starterUITests.swift */,
				1D4D9C0B25092B5400348246 /* Info.plist */,
			);
			path = "labs-ios-starterUITests";
			sourceTree = "<group>";
		};
		1D4D9C1125092F0100348246 /* Persistence */ = {
			isa = PBXGroup;
			children = (
				1D4D9C1225092F4A00348246 /* CoreDataManager.swift */,
				B90989C8251AA46C0084A1D7 /* FetchController.swift */,
			);
			path = Persistence;
			sourceTree = "<group>";
		};
		1DB3E112251A51E300A2F88F /* View Models */ = {
			isa = PBXGroup;
			children = (
				1DA1163B251CF89E00FA94B1 /* TopicCVSections.swift */,
			);
			path = "View Models";
			sourceTree = "<group>";
		};
		465DAA2724BD0BC100D94C24 /* App Lifecycle */ = {
			isa = PBXGroup;
			children = (
				466C4281249A8749007D033E /* Info.plist */,
				466C427C249A8749007D033E /* Assets.xcassets */,
				466C4273249A8748007D033E /* AppDelegate.swift */,
				466C4275249A8748007D033E /* SceneDelegate.swift */,
				466C427E249A8749007D033E /* LaunchScreen.storyboard */,
			);
			path = "App Lifecycle";
			sourceTree = "<group>";
		};
		466C4267249A8748007D033E = {
			isa = PBXGroup;
			children = (
				466C4272249A8748007D033E /* labs-ios-starter */,
				B9404230250321230048BCED /* labs-ios-starterTests */,
				1D4D9C0825092B5400348246 /* labs-ios-starterUITests */,
				466C4271249A8748007D033E /* Products */,
			);
			sourceTree = "<group>";
		};
		466C4271249A8748007D033E /* Products */ = {
			isa = PBXGroup;
			children = (
				466C4270249A8748007D033E /* labs-ios-starter.app */,
				B940422F250321230048BCED /* labs-ios-starterTests.xctest */,
				1D4D9C0725092B5400348246 /* labs-ios-starterUITests.xctest */,
			);
			name = Products;
			sourceTree = "<group>";
		};
		466C4272249A8748007D033E /* labs-ios-starter */ = {
			isa = PBXGroup;
			children = (
				B940420B2501D0090048BCED /* Application */,
				46BEB4EB24C98EB400FE0CD1 /* Model */,
				46BEB4EF24C98ED900FE0CD1 /* Login */,
				46BEB4F224C98F1100FE0CD1 /* Profiles */,
				1D0E1053250AB34E00A21C44 /* Surveys */,
				465DAA2724BD0BC100D94C24 /* App Lifecycle */,
				466C4287249A889F007D033E /* File Organization.md */,
			);
			path = "labs-ios-starter";
			sourceTree = "<group>";
		};
		46BEB4EA24C98EA300FE0CD1 /* Extensions */ = {
			isa = PBXGroup;
			children = (
				46BEB4E624C98D8900FE0CD1 /* Notifications + customNames.swift */,
				46BF10BD24D388FF001C6753 /* UIViewController+Alerts.swift */,
				1D46C21C2501DDB4007DEDAF /* UIView+LivePreviews.swift */,
				1D0E1045250A9B7D00A21C44 /* CodingUserInfoKey+MOC.swift */,
				1D0E104A250AAE3100A21C44 /* UIImageView+ImageDownloader.swift */,
				B91BF7F2250D0BB800D68EA6 /* String + identifier.swift */,
			);
			path = Extensions;
			sourceTree = "<group>";
		};
		46BEB4EB24C98EB400FE0CD1 /* Model */ = {
			isa = PBXGroup;
			children = (
				B916372225083B3A00B49A75 /* Okta Auth */,
				1D0545332515C528006E8665 /* Apollo */,
			);
			path = Model;
			sourceTree = "<group>";
		};
		46BEB4EC24C98EBB00FE0CD1 /* Model Controllers */ = {
			isa = PBXGroup;
			children = (
				46BEB4ED24C98ECC00FE0CD1 /* ProfileController.swift */,
			);
			path = "Model Controllers";
			sourceTree = "<group>";
		};
		46BEB4EF24C98ED900FE0CD1 /* Login */ = {
			isa = PBXGroup;
			children = (
				B94042072501CE670048BCED /* View Controllers */,
				B94042082501CE7E0048BCED /* View */,
			);
			path = Login;
			sourceTree = "<group>";
		};
		46BEB4F224C98F1100FE0CD1 /* Profiles */ = {
			isa = PBXGroup;
			children = (
				46BEB4EC24C98EBB00FE0CD1 /* Model Controllers */,
				B940420A2501CE8A0048BCED /* View Controllers */,
				B94042092501CE840048BCED /* View */,
			);
			path = Profiles;
			sourceTree = "<group>";
		};
		B916372225083B3A00B49A75 /* Okta Auth */ = {
			isa = PBXGroup;
			children = (
				B91BF7EE250C47F600D68EA6 /* Profile.swift */,
			);
			path = "Okta Auth";
			sourceTree = "<group>";
		};
		B94042072501CE670048BCED /* View Controllers */ = {
			isa = PBXGroup;
			children = (
				46BEB4E424C98CDC00FE0CD1 /* LoginViewController.swift */,
				46C2BC9124D432F90077E49D /* ProfileTabBarViewController.swift */,
			);
			path = "View Controllers";
			sourceTree = "<group>";
		};
		B94042082501CE7E0048BCED /* View */ = {
			isa = PBXGroup;
			children = (
				466C4279249A8748007D033E /* Main.storyboard */,
			);
			path = View;
			sourceTree = "<group>";
		};
		B94042092501CE840048BCED /* View */ = {
			isa = PBXGroup;
			children = (
				46BEB4F024C98F0D00FE0CD1 /* Profiles.storyboard */,
				B91BF7F0250D0B6500D68EA6 /* MemberList.storyboard */,
			);
			path = View;
			sourceTree = "<group>";
		};
		B940420A2501CE8A0048BCED /* View Controllers */ = {
			isa = PBXGroup;
			children = (
				463AD24224CF275900447BB8 /* ProfileDetailViewController.swift */,
			);
			path = "View Controllers";
			sourceTree = "<group>";
		};
		B940420B2501D0090048BCED /* Application */ = {
			isa = PBXGroup;
			children = (
				B9404222250203C30048BCED /* Documentation */,
				46BEB4EA24C98EA300FE0CD1 /* Extensions */,
				B94042182501D09C0048BCED /* View */,
				B940420C2501D03A0048BCED /* Network */,
				1D4D9C1125092F0100348246 /* Persistence */,
			);
			path = Application;
			sourceTree = "<group>";
		};
		B940420C2501D03A0048BCED /* Network */ = {
			isa = PBXGroup;
			children = (
				B940421B2501D9060048BCED /* Auth */,
				B940420E2501D0740048BCED /* ErrorHandler.swift */,
				B940420D2501D0740048BCED /* NetworkService.swift */,
				1D0E1047250A9C7200A21C44 /* Data+PrettyJSON.swift */,
				B940420F2501D0740048BCED /* URLRequest + JSON.swift */,
			);
			path = Network;
			sourceTree = "<group>";
		};
		B94042172501D0920048BCED /* Autolayout */ = {
			isa = PBXGroup;
			children = (
				B94042142501D08D0048BCED /* UIView + Convenience.swift */,
			);
			path = Autolayout;
			sourceTree = "<group>";
		};
		B94042182501D09C0048BCED /* View */ = {
			isa = PBXGroup;
			children = (
				B94042252502E1190048BCED /* UI */,
			);
			path = View;
			sourceTree = "<group>";
		};
		B940421B2501D9060048BCED /* Auth */ = {
			isa = PBXGroup;
			children = (
				B91BF81A250DCCC800D68EA6 /* URLRequest + addAuthIfAvailable.swift */,
				B940421E2501D9250048BCED /* String+Validate.swift */,
			);
			path = Auth;
			sourceTree = "<group>";
		};
		B9404222250203C30048BCED /* Documentation */ = {
			isa = PBXGroup;
			children = (
				B91637202507FA4B00B49A75 /* OktaAuth.md */,
				B98BBCC225153EEB00FE8A12 /* unused.md */,
			);
			path = Documentation;
			sourceTree = "<group>";
		};
		B94042252502E1190048BCED /* UI */ = {
			isa = PBXGroup;
			children = (
				B94042132501D08C0048BCED /* StyleSheet.swift */,
				1D46C21F25055D7E007DEDAF /* Custom Objects */,
				B94042172501D0920048BCED /* Autolayout */,
				B94042282502E4D80048BCED /* Convenience Inits */,
			);
			path = UI;
			sourceTree = "<group>";
		};
		B94042282502E4D80048BCED /* Convenience Inits */ = {
			isa = PBXGroup;
			children = (
				B94042232502DF6A0048BCED /* UILabel + Convenience.swift */,
				B94042262502E1390048BCED /* UIStackView + Convenience.swift */,
				B94042292502E5070048BCED /* UIButton + Convenience.swift */,
			);
			path = "Convenience Inits";
			sourceTree = "<group>";
		};
		B9404230250321230048BCED /* labs-ios-starterTests */ = {
			isa = PBXGroup;
			children = (
				B9404231250321230048BCED /* labs_ios_starterTests.swift */,
				B9390BE6250991D300131227 /* NetworkServiceTests.swift */,
				B9404233250321230048BCED /* Info.plist */,
				B90989D0251ABE9F0084A1D7 /* CoreDataTests.swift */,
			);
			path = "labs-ios-starterTests";
			sourceTree = "<group>";
		};
/* End PBXGroup section */

/* Begin PBXNativeTarget section */
		1D4D9C0625092B5400348246 /* labs-ios-starterUITests */ = {
			isa = PBXNativeTarget;
			buildConfigurationList = 1D4D9C0E25092B5400348246 /* Build configuration list for PBXNativeTarget "labs-ios-starterUITests" */;
			buildPhases = (
				1D4D9C0325092B5400348246 /* Sources */,
				1D4D9C0425092B5400348246 /* Frameworks */,
				1D4D9C0525092B5400348246 /* Resources */,
			);
			buildRules = (
			);
			dependencies = (
				1D4D9C0D25092B5400348246 /* PBXTargetDependency */,
			);
			name = "labs-ios-starterUITests";
			productName = "labs-ios-starterUITests";
			productReference = 1D4D9C0725092B5400348246 /* labs-ios-starterUITests.xctest */;
			productType = "com.apple.product-type.bundle.ui-testing";
		};
		466C426F249A8748007D033E /* labs-ios-starter */ = {
			isa = PBXNativeTarget;
			buildConfigurationList = 466C4284249A8749007D033E /* Build configuration list for PBXNativeTarget "labs-ios-starter" */;
			buildPhases = (
				466C426C249A8748007D033E /* Sources */,
				466C426D249A8748007D033E /* Frameworks */,
				466C426E249A8748007D033E /* Resources */,
			);
			buildRules = (
			);
			dependencies = (
			);
			name = "labs-ios-starter";
			packageProductDependencies = (
				1D46C2132501D292007DEDAF /* OktaAuth */,
			);
			productName = LabsScaffolding;
			productReference = 466C4270249A8748007D033E /* labs-ios-starter.app */;
			productType = "com.apple.product-type.application";
		};
		B940422E250321230048BCED /* labs-ios-starterTests */ = {
			isa = PBXNativeTarget;
			buildConfigurationList = B9404236250321230048BCED /* Build configuration list for PBXNativeTarget "labs-ios-starterTests" */;
			buildPhases = (
				B940422B250321230048BCED /* Sources */,
				B940422C250321230048BCED /* Frameworks */,
				B940422D250321230048BCED /* Resources */,
			);
			buildRules = (
			);
			dependencies = (
				B9404235250321230048BCED /* PBXTargetDependency */,
			);
			name = "labs-ios-starterTests";
			productName = "labs-ios-starterTests";
			productReference = B940422F250321230048BCED /* labs-ios-starterTests.xctest */;
			productType = "com.apple.product-type.bundle.unit-test";
		};
/* End PBXNativeTarget section */

/* Begin PBXProject section */
		466C4268249A8748007D033E /* Project object */ = {
			isa = PBXProject;
			attributes = {
				LastSwiftUpdateCheck = 1150;
				LastUpgradeCheck = 1150;
				ORGANIZATIONNAME = "Lambda, Inc";
				TargetAttributes = {
					1D4D9C0625092B5400348246 = {
						CreatedOnToolsVersion = 11.5;
						TestTargetID = 466C426F249A8748007D033E;
					};
					466C426F249A8748007D033E = {
						CreatedOnToolsVersion = 11.5;
					};
					B940422E250321230048BCED = {
						CreatedOnToolsVersion = 11.6;
						TestTargetID = 466C426F249A8748007D033E;
					};
				};
			};
			buildConfigurationList = 466C426B249A8748007D033E /* Build configuration list for PBXProject "labs-ios-starter" */;
			compatibilityVersion = "Xcode 9.3";
			developmentRegion = en;
			hasScannedForEncodings = 0;
			knownRegions = (
				en,
				Base,
			);
			mainGroup = 466C4267249A8748007D033E;
			packageReferences = (
				1D46C2122501D292007DEDAF /* XCRemoteSwiftPackageReference "OktaAuth" */,
			);
			productRefGroup = 466C4271249A8748007D033E /* Products */;
			projectDirPath = "";
			projectRoot = "";
			targets = (
				466C426F249A8748007D033E /* labs-ios-starter */,
				B940422E250321230048BCED /* labs-ios-starterTests */,
				1D4D9C0625092B5400348246 /* labs-ios-starterUITests */,
			);
		};
/* End PBXProject section */

/* Begin PBXResourcesBuildPhase section */
		1D4D9C0525092B5400348246 /* Resources */ = {
			isa = PBXResourcesBuildPhase;
			buildActionMask = 2147483647;
			files = (
			);
			runOnlyForDeploymentPostprocessing = 0;
		};
		466C426E249A8748007D033E /* Resources */ = {
			isa = PBXResourcesBuildPhase;
			buildActionMask = 2147483647;
			files = (
				466C4280249A8749007D033E /* LaunchScreen.storyboard in Resources */,
				466C427D249A8749007D033E /* Assets.xcassets in Resources */,
				B91637212507FA4B00B49A75 /* OktaAuth.md in Resources */,
				B91BF7F1250D0B6500D68EA6 /* MemberList.storyboard in Resources */,
				B98BBCC325153EEB00FE8A12 /* unused.md in Resources */,
				46BEB4F124C98F0D00FE0CD1 /* Profiles.storyboard in Resources */,
				466C427B249A8748007D033E /* Main.storyboard in Resources */,
				1D0E105A250AD64100A21C44 /* Surveys.storyboard in Resources */,
			);
			runOnlyForDeploymentPostprocessing = 0;
		};
		B940422D250321230048BCED /* Resources */ = {
			isa = PBXResourcesBuildPhase;
			buildActionMask = 2147483647;
			files = (
			);
			runOnlyForDeploymentPostprocessing = 0;
		};
/* End PBXResourcesBuildPhase section */

/* Begin PBXSourcesBuildPhase section */
		1D4D9C0325092B5400348246 /* Sources */ = {
			isa = PBXSourcesBuildPhase;
			buildActionMask = 2147483647;
			files = (
				1D4D9C0A25092B5400348246 /* labs_ios_starterUITests.swift in Sources */,
			);
			runOnlyForDeploymentPostprocessing = 0;
		};
		466C426C249A8748007D033E /* Sources */ = {
			isa = PBXSourcesBuildPhase;
			buildActionMask = 2147483647;
			files = (
				1D0E104B250AAE3100A21C44 /* UIImageView+ImageDownloader.swift in Sources */,
				B94042242502DF6A0048BCED /* UILabel + Convenience.swift in Sources */,
				46BEB4EE24C98ECC00FE0CD1 /* ProfileController.swift in Sources */,
				1D0E105E250B025B00A21C44 /* TopicDetailViewController.swift in Sources */,
				1D0E1062250B046300A21C44 /* TopicNameViewController.swift in Sources */,
				46BEB4E724C98D8900FE0CD1 /* Notifications + customNames.swift in Sources */,
				1D0E1048250A9C7200A21C44 /* Data+PrettyJSON.swift in Sources */,
				1D938DDD251AF69700D3013D /* NotificationsCollectionViewCell.swift in Sources */,
				1D0E1046250A9B7D00A21C44 /* CodingUserInfoKey+MOC.swift in Sources */,
				1D938DE1251AFB5A00D3013D /* NewNotificationsMessage+init.swift in Sources */,
				B940421F2501D9250048BCED /* String+Validate.swift in Sources */,
				1D0545262515C3BC006E8665 /* Member+CoreDataClass.swift in Sources */,
				B94042192501D1BD0048BCED /* URLRequest + JSON.swift in Sources */,
				1D0545292515C3BC006E8665 /* Topic+CoreDataProperties.swift in Sources */,
				1D0545252515C3BC006E8665 /* Question+CoreDataProperties.swift in Sources */,
				B940421A2501D1CE0048BCED /* UIViewController+Alerts.swift in Sources */,
				1DB3E114251A526D00A2F88F /* (null) in Sources */,
				B9091EEF25183F2E009BA6A7 /* TopicCollectionViewCell.swift in Sources */,
				46BEB4E924C98DAF00FE0CD1 /* MemberListViewController.swift in Sources */,
				B94042112501D0740048BCED /* ErrorHandler.swift in Sources */,
				1D0545232515C3BC006E8665 /* ContextObject+CoreDataProperties.swift in Sources */,
				B94042272502E1390048BCED /* UIStackView + Convenience.swift in Sources */,
				1D46C22125055E81007DEDAF /* StandardButton.swift in Sources */,
				1D0E105C250AD69200A21C44 /* NotificationsViewController.swift in Sources */,
				1D0E1064250B047400A21C44 /* TopicQuestionsViewController.swift in Sources */,
				466C4274249A8748007D033E /* AppDelegate.swift in Sources */,
				1D0E1060250B043400A21C44 /* TopicViewController.swift in Sources */,
				46C2BC9224D432F90077E49D /* ProfileTabBarViewController.swift in Sources */,
				1D0545272515C3BC006E8665 /* Member+CoreDataProperties.swift in Sources */,
				463AD24324CF275900447BB8 /* ProfileDetailViewController.swift in Sources */,
				1D4D9C17250930AB00348246 /* labs-ios-starter.xcdatamodeld in Sources */,
				1DA1163C251CF89F00FA94B1 /* TopicCVSections.swift in Sources */,
				B91BF7E3250BC4C200D68EA6 /* (null) in Sources */,
				B91BF7EF250C47F600D68EA6 /* Profile.swift in Sources */,
				B9163737250850B400B49A75 /* UserImage.swift in Sources */,
				1D0545222515C3BC006E8665 /* ContextObject+CoreDataClass.swift in Sources */,
				B94042152501D08D0048BCED /* StyleSheet.swift in Sources */,
				B940422A2502E5070048BCED /* UIButton + Convenience.swift in Sources */,
				1D0545282515C3BC006E8665 /* Topic+CoreDataClass.swift in Sources */,
				1D0545212515C3BC006E8665 /* Response+CoreDataProperties.swift in Sources */,
				46BEB4E524C98CDC00FE0CD1 /* LoginViewController.swift in Sources */,
				1D938DD9251AED4300D3013D /* NotificationsTabItem.swift in Sources */,
				1D0545242515C3BC006E8665 /* Question+CoreDataClass.swift in Sources */,
				B90989C9251AA46C0084A1D7 /* FetchController.swift in Sources */,
				1D4D9C1325092F4A00348246 /* CoreDataManager.swift in Sources */,
				1D4D9C0225068DEB00348246 /* CircularButton.swift in Sources */,
				1D0545202515C3BC006E8665 /* Response+CoreDataClass.swift in Sources */,
				B91BF7F3250D0BB800D68EA6 /* String + identifier.swift in Sources */,
				1D46C21D2501DDB4007DEDAF /* UIView+LivePreviews.swift in Sources */,
				B94042162501D08D0048BCED /* UIView + Convenience.swift in Sources */,
				B91BF81B250DCCC800D68EA6 /* URLRequest + addAuthIfAvailable.swift in Sources */,
				B9983C5925142B74001D91FE /* TopicController.swift in Sources */,
				B9983C542513BEC0001D91FE /* QuestionCollectionViewCell.swift in Sources */,
				B94042102501D0740048BCED /* NetworkService.swift in Sources */,
				466C4276249A8748007D033E /* SceneDelegate.swift in Sources */,
			);
			runOnlyForDeploymentPostprocessing = 0;
		};
		B940422B250321230048BCED /* Sources */ = {
			isa = PBXSourcesBuildPhase;
			buildActionMask = 2147483647;
			files = (
				B90989D1251ABE9F0084A1D7 /* CoreDataTests.swift in Sources */,
				1DB156B22516B8C60084ECA0 /* (null) in Sources */,
				B9390BE7250991D300131227 /* NetworkServiceTests.swift in Sources */,
				B9404232250321230048BCED /* labs_ios_starterTests.swift in Sources */,
			);
			runOnlyForDeploymentPostprocessing = 0;
		};
/* End PBXSourcesBuildPhase section */

/* Begin PBXTargetDependency section */
		1D4D9C0D25092B5400348246 /* PBXTargetDependency */ = {
			isa = PBXTargetDependency;
			target = 466C426F249A8748007D033E /* labs-ios-starter */;
			targetProxy = 1D4D9C0C25092B5400348246 /* PBXContainerItemProxy */;
		};
		B9404235250321230048BCED /* PBXTargetDependency */ = {
			isa = PBXTargetDependency;
			target = 466C426F249A8748007D033E /* labs-ios-starter */;
			targetProxy = B9404234250321230048BCED /* PBXContainerItemProxy */;
		};
/* End PBXTargetDependency section */

/* Begin PBXVariantGroup section */
		466C4279249A8748007D033E /* Main.storyboard */ = {
			isa = PBXVariantGroup;
			children = (
				466C427A249A8748007D033E /* Base */,
			);
			name = Main.storyboard;
			sourceTree = "<group>";
		};
		466C427E249A8749007D033E /* LaunchScreen.storyboard */ = {
			isa = PBXVariantGroup;
			children = (
				466C427F249A8749007D033E /* Base */,
			);
			name = LaunchScreen.storyboard;
			sourceTree = "<group>";
		};
/* End PBXVariantGroup section */

/* Begin XCBuildConfiguration section */
		1D4D9C0F25092B5400348246 /* Debug */ = {
			isa = XCBuildConfiguration;
			buildSettings = {
				CODE_SIGN_STYLE = Automatic;
				DEVELOPMENT_TEAM = VXUQXR6S56;
				INFOPLIST_FILE = "labs-ios-starterUITests/Info.plist";
				LD_RUNPATH_SEARCH_PATHS = (
					"$(inherited)",
					"@executable_path/Frameworks",
					"@loader_path/Frameworks",
				);
				PRODUCT_BUNDLE_IDENTIFIER = "com.Lamdba.labs-ios-starterUITests";
				PRODUCT_NAME = "$(TARGET_NAME)";
				SWIFT_VERSION = 5.0;
				TARGETED_DEVICE_FAMILY = "1,2";
				TEST_TARGET_NAME = "labs-ios-starter";
			};
			name = Debug;
		};
		1D4D9C1025092B5400348246 /* Release */ = {
			isa = XCBuildConfiguration;
			buildSettings = {
				CODE_SIGN_STYLE = Automatic;
				DEVELOPMENT_TEAM = VXUQXR6S56;
				INFOPLIST_FILE = "labs-ios-starterUITests/Info.plist";
				LD_RUNPATH_SEARCH_PATHS = (
					"$(inherited)",
					"@executable_path/Frameworks",
					"@loader_path/Frameworks",
				);
				PRODUCT_BUNDLE_IDENTIFIER = "com.Lamdba.labs-ios-starterUITests";
				PRODUCT_NAME = "$(TARGET_NAME)";
				SWIFT_VERSION = 5.0;
				TARGETED_DEVICE_FAMILY = "1,2";
				TEST_TARGET_NAME = "labs-ios-starter";
			};
			name = Release;
		};
		466C4282249A8749007D033E /* Debug */ = {
			isa = XCBuildConfiguration;
			buildSettings = {
				ALWAYS_SEARCH_USER_PATHS = NO;
				CLANG_ANALYZER_NONNULL = YES;
				CLANG_ANALYZER_NUMBER_OBJECT_CONVERSION = YES_AGGRESSIVE;
				CLANG_CXX_LANGUAGE_STANDARD = "gnu++14";
				CLANG_CXX_LIBRARY = "libc++";
				CLANG_ENABLE_MODULES = YES;
				CLANG_ENABLE_OBJC_ARC = YES;
				CLANG_ENABLE_OBJC_WEAK = YES;
				CLANG_WARN_BLOCK_CAPTURE_AUTORELEASING = YES;
				CLANG_WARN_BOOL_CONVERSION = YES;
				CLANG_WARN_COMMA = YES;
				CLANG_WARN_CONSTANT_CONVERSION = YES;
				CLANG_WARN_DEPRECATED_OBJC_IMPLEMENTATIONS = YES;
				CLANG_WARN_DIRECT_OBJC_ISA_USAGE = YES_ERROR;
				CLANG_WARN_DOCUMENTATION_COMMENTS = YES;
				CLANG_WARN_EMPTY_BODY = YES;
				CLANG_WARN_ENUM_CONVERSION = YES;
				CLANG_WARN_INFINITE_RECURSION = YES;
				CLANG_WARN_INT_CONVERSION = YES;
				CLANG_WARN_NON_LITERAL_NULL_CONVERSION = YES;
				CLANG_WARN_OBJC_IMPLICIT_RETAIN_SELF = YES;
				CLANG_WARN_OBJC_LITERAL_CONVERSION = YES;
				CLANG_WARN_OBJC_ROOT_CLASS = YES_ERROR;
				CLANG_WARN_RANGE_LOOP_ANALYSIS = YES;
				CLANG_WARN_STRICT_PROTOTYPES = YES;
				CLANG_WARN_SUSPICIOUS_MOVE = YES;
				CLANG_WARN_UNGUARDED_AVAILABILITY = YES_AGGRESSIVE;
				CLANG_WARN_UNREACHABLE_CODE = YES;
				CLANG_WARN__DUPLICATE_METHOD_MATCH = YES;
				COPY_PHASE_STRIP = NO;
				DEBUG_INFORMATION_FORMAT = dwarf;
				ENABLE_STRICT_OBJC_MSGSEND = YES;
				ENABLE_TESTABILITY = YES;
				GCC_C_LANGUAGE_STANDARD = gnu11;
				GCC_DYNAMIC_NO_PIC = NO;
				GCC_NO_COMMON_BLOCKS = YES;
				GCC_OPTIMIZATION_LEVEL = 0;
				GCC_PREPROCESSOR_DEFINITIONS = (
					"DEBUG=1",
					"$(inherited)",
				);
				GCC_WARN_64_TO_32_BIT_CONVERSION = YES;
				GCC_WARN_ABOUT_RETURN_TYPE = YES_ERROR;
				GCC_WARN_UNDECLARED_SELECTOR = YES;
				GCC_WARN_UNINITIALIZED_AUTOS = YES_AGGRESSIVE;
				GCC_WARN_UNUSED_FUNCTION = YES;
				GCC_WARN_UNUSED_VARIABLE = YES;
				IPHONEOS_DEPLOYMENT_TARGET = 13.5;
				MTL_ENABLE_DEBUG_INFO = INCLUDE_SOURCE;
				MTL_FAST_MATH = YES;
				ONLY_ACTIVE_ARCH = YES;
				SDKROOT = iphoneos;
				SWIFT_ACTIVE_COMPILATION_CONDITIONS = DEBUG;
				SWIFT_OPTIMIZATION_LEVEL = "-Onone";
			};
			name = Debug;
		};
		466C4283249A8749007D033E /* Release */ = {
			isa = XCBuildConfiguration;
			buildSettings = {
				ALWAYS_SEARCH_USER_PATHS = NO;
				CLANG_ANALYZER_NONNULL = YES;
				CLANG_ANALYZER_NUMBER_OBJECT_CONVERSION = YES_AGGRESSIVE;
				CLANG_CXX_LANGUAGE_STANDARD = "gnu++14";
				CLANG_CXX_LIBRARY = "libc++";
				CLANG_ENABLE_MODULES = YES;
				CLANG_ENABLE_OBJC_ARC = YES;
				CLANG_ENABLE_OBJC_WEAK = YES;
				CLANG_WARN_BLOCK_CAPTURE_AUTORELEASING = YES;
				CLANG_WARN_BOOL_CONVERSION = YES;
				CLANG_WARN_COMMA = YES;
				CLANG_WARN_CONSTANT_CONVERSION = YES;
				CLANG_WARN_DEPRECATED_OBJC_IMPLEMENTATIONS = YES;
				CLANG_WARN_DIRECT_OBJC_ISA_USAGE = YES_ERROR;
				CLANG_WARN_DOCUMENTATION_COMMENTS = YES;
				CLANG_WARN_EMPTY_BODY = YES;
				CLANG_WARN_ENUM_CONVERSION = YES;
				CLANG_WARN_INFINITE_RECURSION = YES;
				CLANG_WARN_INT_CONVERSION = YES;
				CLANG_WARN_NON_LITERAL_NULL_CONVERSION = YES;
				CLANG_WARN_OBJC_IMPLICIT_RETAIN_SELF = YES;
				CLANG_WARN_OBJC_LITERAL_CONVERSION = YES;
				CLANG_WARN_OBJC_ROOT_CLASS = YES_ERROR;
				CLANG_WARN_RANGE_LOOP_ANALYSIS = YES;
				CLANG_WARN_STRICT_PROTOTYPES = YES;
				CLANG_WARN_SUSPICIOUS_MOVE = YES;
				CLANG_WARN_UNGUARDED_AVAILABILITY = YES_AGGRESSIVE;
				CLANG_WARN_UNREACHABLE_CODE = YES;
				CLANG_WARN__DUPLICATE_METHOD_MATCH = YES;
				COPY_PHASE_STRIP = NO;
				DEBUG_INFORMATION_FORMAT = "dwarf-with-dsym";
				ENABLE_NS_ASSERTIONS = NO;
				ENABLE_STRICT_OBJC_MSGSEND = YES;
				GCC_C_LANGUAGE_STANDARD = gnu11;
				GCC_NO_COMMON_BLOCKS = YES;
				GCC_WARN_64_TO_32_BIT_CONVERSION = YES;
				GCC_WARN_ABOUT_RETURN_TYPE = YES_ERROR;
				GCC_WARN_UNDECLARED_SELECTOR = YES;
				GCC_WARN_UNINITIALIZED_AUTOS = YES_AGGRESSIVE;
				GCC_WARN_UNUSED_FUNCTION = YES;
				GCC_WARN_UNUSED_VARIABLE = YES;
				IPHONEOS_DEPLOYMENT_TARGET = 13.5;
				MTL_ENABLE_DEBUG_INFO = NO;
				MTL_FAST_MATH = YES;
				SDKROOT = iphoneos;
				SWIFT_COMPILATION_MODE = wholemodule;
				SWIFT_OPTIMIZATION_LEVEL = "-O";
				VALIDATE_PRODUCT = YES;
			};
			name = Release;
		};
		466C4285249A8749007D033E /* Debug */ = {
			isa = XCBuildConfiguration;
			buildSettings = {
				ASSETCATALOG_COMPILER_APPICON_NAME = AppIcon;
				CODE_SIGN_STYLE = Automatic;
				DEVELOPMENT_TEAM = VXUQXR6S56;
				INFOPLIST_FILE = "labs-ios-starter/App Lifecycle/Info.plist";
				IPHONEOS_DEPLOYMENT_TARGET = 13.0;
				LD_RUNPATH_SEARCH_PATHS = (
					"$(inherited)",
					"@executable_path/Frameworks",
				);
				PRODUCT_BUNDLE_IDENTIFIER = com.LambdaSchool.ApolloA;
				PRODUCT_NAME = "$(TARGET_NAME)";
				SWIFT_VERSION = 5.0;
				TARGETED_DEVICE_FAMILY = "1,2";
			};
			name = Debug;
		};
		466C4286249A8749007D033E /* Release */ = {
			isa = XCBuildConfiguration;
			buildSettings = {
				ASSETCATALOG_COMPILER_APPICON_NAME = AppIcon;
				CODE_SIGN_STYLE = Automatic;
				DEVELOPMENT_TEAM = VXUQXR6S56;
				INFOPLIST_FILE = "labs-ios-starter/App Lifecycle/Info.plist";
				IPHONEOS_DEPLOYMENT_TARGET = 13.0;
				LD_RUNPATH_SEARCH_PATHS = (
					"$(inherited)",
					"@executable_path/Frameworks",
				);
				PRODUCT_BUNDLE_IDENTIFIER = com.LambdaSchool.ApolloA;
				PRODUCT_NAME = "$(TARGET_NAME)";
				SWIFT_VERSION = 5.0;
				TARGETED_DEVICE_FAMILY = "1,2";
			};
			name = Release;
		};
		B9404237250321230048BCED /* Debug */ = {
			isa = XCBuildConfiguration;
			buildSettings = {
				BUNDLE_LOADER = "$(TEST_HOST)";
				CODE_SIGN_STYLE = Automatic;
				DEVELOPMENT_TEAM = 34P4RF23ET;
				INFOPLIST_FILE = "labs-ios-starterTests/Info.plist";
				IPHONEOS_DEPLOYMENT_TARGET = 13.5;
				LD_RUNPATH_SEARCH_PATHS = (
					"$(inherited)",
					"@executable_path/Frameworks",
					"@loader_path/Frameworks",
				);
				PRODUCT_BUNDLE_IDENTIFIER = "com.kennydubroff.labs-ios-starterTests";
				PRODUCT_NAME = "$(TARGET_NAME)";
				SWIFT_VERSION = 5.0;
				TARGETED_DEVICE_FAMILY = "1,2";
				TEST_HOST = "$(BUILT_PRODUCTS_DIR)/labs-ios-starter.app/labs-ios-starter";
			};
			name = Debug;
		};
		B9404238250321230048BCED /* Release */ = {
			isa = XCBuildConfiguration;
			buildSettings = {
				BUNDLE_LOADER = "$(TEST_HOST)";
				CODE_SIGN_STYLE = Automatic;
				DEVELOPMENT_TEAM = 34P4RF23ET;
				INFOPLIST_FILE = "labs-ios-starterTests/Info.plist";
				IPHONEOS_DEPLOYMENT_TARGET = 13.5;
				LD_RUNPATH_SEARCH_PATHS = (
					"$(inherited)",
					"@executable_path/Frameworks",
					"@loader_path/Frameworks",
				);
				PRODUCT_BUNDLE_IDENTIFIER = "com.kennydubroff.labs-ios-starterTests";
				PRODUCT_NAME = "$(TARGET_NAME)";
				SWIFT_VERSION = 5.0;
				TARGETED_DEVICE_FAMILY = "1,2";
				TEST_HOST = "$(BUILT_PRODUCTS_DIR)/labs-ios-starter.app/labs-ios-starter";
			};
			name = Release;
		};
/* End XCBuildConfiguration section */

/* Begin XCConfigurationList section */
		1D4D9C0E25092B5400348246 /* Build configuration list for PBXNativeTarget "labs-ios-starterUITests" */ = {
			isa = XCConfigurationList;
			buildConfigurations = (
				1D4D9C0F25092B5400348246 /* Debug */,
				1D4D9C1025092B5400348246 /* Release */,
			);
			defaultConfigurationIsVisible = 0;
			defaultConfigurationName = Release;
		};
		466C426B249A8748007D033E /* Build configuration list for PBXProject "labs-ios-starter" */ = {
			isa = XCConfigurationList;
			buildConfigurations = (
				466C4282249A8749007D033E /* Debug */,
				466C4283249A8749007D033E /* Release */,
			);
			defaultConfigurationIsVisible = 0;
			defaultConfigurationName = Release;
		};
		466C4284249A8749007D033E /* Build configuration list for PBXNativeTarget "labs-ios-starter" */ = {
			isa = XCConfigurationList;
			buildConfigurations = (
				466C4285249A8749007D033E /* Debug */,
				466C4286249A8749007D033E /* Release */,
			);
			defaultConfigurationIsVisible = 0;
			defaultConfigurationName = Release;
		};
		B9404236250321230048BCED /* Build configuration list for PBXNativeTarget "labs-ios-starterTests" */ = {
			isa = XCConfigurationList;
			buildConfigurations = (
				B9404237250321230048BCED /* Debug */,
				B9404238250321230048BCED /* Release */,
			);
			defaultConfigurationIsVisible = 0;
			defaultConfigurationName = Release;
		};
/* End XCConfigurationList section */

/* Begin XCRemoteSwiftPackageReference section */
		1D46C2122501D292007DEDAF /* XCRemoteSwiftPackageReference "OktaAuth" */ = {
			isa = XCRemoteSwiftPackageReference;
			repositoryURL = "https://github.com/SpencerCurtis/OktaAuth";
			requirement = {
				kind = upToNextMajorVersion;
				minimumVersion = 1.0.0;
			};
		};
/* End XCRemoteSwiftPackageReference section */

/* Begin XCSwiftPackageProductDependency section */
		1D46C2132501D292007DEDAF /* OktaAuth */ = {
			isa = XCSwiftPackageProductDependency;
			package = 1D46C2122501D292007DEDAF /* XCRemoteSwiftPackageReference "OktaAuth" */;
			productName = OktaAuth;
		};
/* End XCSwiftPackageProductDependency section */

/* Begin XCVersionGroup section */
		1D4D9C15250930AB00348246 /* labs-ios-starter.xcdatamodeld */ = {
			isa = XCVersionGroup;
			children = (
				1D4D9C16250930AB00348246 /* labs-ios-starter.xcdatamodel */,
			);
			currentVersion = 1D4D9C16250930AB00348246 /* labs-ios-starter.xcdatamodel */;
			path = "labs-ios-starter.xcdatamodeld";
			sourceTree = "<group>";
			versionGroupType = wrapper.xcdatamodel;
		};
/* End XCVersionGroup section */
	};
	rootObject = 466C4268249A8748007D033E /* Project object */;
}
